// !$*UTF8*$!
{
	archiveVersion = 1;
	classes = {
	};
	objectVersion = 56;
	objects = {

/* Begin PBXBuildFile section */
		2C1E51B52A18AE860063F950 /* ItemCard.swift in Sources */ = {isa = PBXBuildFile; fileRef = 2C1E51B42A18AE860063F950 /* ItemCard.swift */; };
		2C1E51B82A18AFF00063F950 /* Theme.swift in Sources */ = {isa = PBXBuildFile; fileRef = 2C1E51B72A18AFF00063F950 /* Theme.swift */; };
		2C1E51BA2A18B2770063F950 /* AddCard.swift in Sources */ = {isa = PBXBuildFile; fileRef = 2C1E51B92A18B2770063F950 /* AddCard.swift */; };
		2C1E51BC2A18B3CB0063F950 /* HomeView.swift in Sources */ = {isa = PBXBuildFile; fileRef = 2C1E51BB2A18B3CB0063F950 /* HomeView.swift */; };
		2C35F08D2A1B058100B752DD /* MCEmojiPicker in Frameworks */ = {isa = PBXBuildFile; productRef = 2C35F08C2A1B058100B752DD /* MCEmojiPicker */; };
		2C35F08F2A1B079700B752DD /* UIEmojiTextField.swift in Sources */ = {isa = PBXBuildFile; fileRef = 2C35F08E2A1B079700B752DD /* UIEmojiTextField.swift */; };
		2C35F0912A1B07CC00B752DD /* EmojiTextField.swift in Sources */ = {isa = PBXBuildFile; fileRef = 2C35F0902A1B07CC00B752DD /* EmojiTextField.swift */; };
		2C35F0932A1B125300B752DD /* EmojiPicker.swift in Sources */ = {isa = PBXBuildFile; fileRef = 2C35F0922A1B125300B752DD /* EmojiPicker.swift */; };
		2C35F0952A1C5C2500B752DD /* RadarDetector.swift in Sources */ = {isa = PBXBuildFile; fileRef = 2C35F0942A1C5C2500B752DD /* RadarDetector.swift */; };
		2C35F0982A1C674900B752DD /* FinditDataModel.xcdatamodeld in Sources */ = {isa = PBXBuildFile; fileRef = 2C35F0962A1C674900B752DD /* FinditDataModel.xcdatamodeld */; };
		2C35F09A2A1C688300B752DD /* FinditController.swift in Sources */ = {isa = PBXBuildFile; fileRef = 2C35F0992A1C688300B752DD /* FinditController.swift */; };
		2C40246E2A18D462005153B1 /* InputField.swift in Sources */ = {isa = PBXBuildFile; fileRef = 2C40246D2A18D462005153B1 /* InputField.swift */; };
		2C4024702A18E611005153B1 /* DetectionView.swift in Sources */ = {isa = PBXBuildFile; fileRef = 2C40246F2A18E611005153B1 /* DetectionView.swift */; };
		2C47C5B42A19F53F00515F73 /* BeaconDetector.swift in Sources */ = {isa = PBXBuildFile; fileRef = 2C47C5B32A19F53F00515F73 /* BeaconDetector.swift */; };
		2CC8900C2A18ABBB003A3C12 /* FinditApp.swift in Sources */ = {isa = PBXBuildFile; fileRef = 2CC8900B2A18ABBB003A3C12 /* FinditApp.swift */; };
		2CC8900E2A18ABBB003A3C12 /* ContentView.swift in Sources */ = {isa = PBXBuildFile; fileRef = 2CC8900D2A18ABBB003A3C12 /* ContentView.swift */; };
		2CC890102A18ABBC003A3C12 /* Assets.xcassets in Resources */ = {isa = PBXBuildFile; fileRef = 2CC8900F2A18ABBC003A3C12 /* Assets.xcassets */; };
		2CC890132A18ABBC003A3C12 /* Preview Assets.xcassets in Resources */ = {isa = PBXBuildFile; fileRef = 2CC890122A18ABBC003A3C12 /* Preview Assets.xcassets */; };
		2CDDDE212A1AFEFB00E04B04 /* AddItemForm.swift in Sources */ = {isa = PBXBuildFile; fileRef = 2CDDDE202A1AFEFB00E04B04 /* AddItemForm.swift */; };
/* End PBXBuildFile section */

/* Begin PBXFileReference section */
		2C1E51B42A18AE860063F950 /* ItemCard.swift */ = {isa = PBXFileReference; lastKnownFileType = sourcecode.swift; path = ItemCard.swift; sourceTree = "<group>"; };
		2C1E51B72A18AFF00063F950 /* Theme.swift */ = {isa = PBXFileReference; lastKnownFileType = sourcecode.swift; path = Theme.swift; sourceTree = "<group>"; };
		2C1E51B92A18B2770063F950 /* AddCard.swift */ = {isa = PBXFileReference; lastKnownFileType = sourcecode.swift; path = AddCard.swift; sourceTree = "<group>"; };
		2C1E51BB2A18B3CB0063F950 /* HomeView.swift */ = {isa = PBXFileReference; lastKnownFileType = sourcecode.swift; path = HomeView.swift; sourceTree = "<group>"; };
		2C35F08E2A1B079700B752DD /* UIEmojiTextField.swift */ = {isa = PBXFileReference; lastKnownFileType = sourcecode.swift; path = UIEmojiTextField.swift; sourceTree = "<group>"; };
		2C35F0902A1B07CC00B752DD /* EmojiTextField.swift */ = {isa = PBXFileReference; lastKnownFileType = sourcecode.swift; path = EmojiTextField.swift; sourceTree = "<group>"; };
		2C35F0922A1B125300B752DD /* EmojiPicker.swift */ = {isa = PBXFileReference; lastKnownFileType = sourcecode.swift; path = EmojiPicker.swift; sourceTree = "<group>"; };
		2C35F0942A1C5C2500B752DD /* RadarDetector.swift */ = {isa = PBXFileReference; lastKnownFileType = sourcecode.swift; path = RadarDetector.swift; sourceTree = "<group>"; };
		2C35F0972A1C674900B752DD /* FinditDataModel.xcdatamodel */ = {isa = PBXFileReference; lastKnownFileType = wrapper.xcdatamodel; path = FinditDataModel.xcdatamodel; sourceTree = "<group>"; };
		2C35F0992A1C688300B752DD /* FinditController.swift */ = {isa = PBXFileReference; lastKnownFileType = sourcecode.swift; path = FinditController.swift; sourceTree = "<group>"; };
		2C40246D2A18D462005153B1 /* InputField.swift */ = {isa = PBXFileReference; lastKnownFileType = sourcecode.swift; path = InputField.swift; sourceTree = "<group>"; };
		2C40246F2A18E611005153B1 /* DetectionView.swift */ = {isa = PBXFileReference; lastKnownFileType = sourcecode.swift; path = DetectionView.swift; sourceTree = "<group>"; };
		2C47C5B32A19F53F00515F73 /* BeaconDetector.swift */ = {isa = PBXFileReference; lastKnownFileType = sourcecode.swift; path = BeaconDetector.swift; sourceTree = "<group>"; };
		2CC890082A18ABBB003A3C12 /* Findit.app */ = {isa = PBXFileReference; explicitFileType = wrapper.application; includeInIndex = 0; path = Findit.app; sourceTree = BUILT_PRODUCTS_DIR; };
		2CC8900B2A18ABBB003A3C12 /* FinditApp.swift */ = {isa = PBXFileReference; lastKnownFileType = sourcecode.swift; path = FinditApp.swift; sourceTree = "<group>"; };
		2CC8900D2A18ABBB003A3C12 /* ContentView.swift */ = {isa = PBXFileReference; lastKnownFileType = sourcecode.swift; path = ContentView.swift; sourceTree = "<group>"; };
		2CC8900F2A18ABBC003A3C12 /* Assets.xcassets */ = {isa = PBXFileReference; lastKnownFileType = folder.assetcatalog; path = Assets.xcassets; sourceTree = "<group>"; };
		2CC890122A18ABBC003A3C12 /* Preview Assets.xcassets */ = {isa = PBXFileReference; lastKnownFileType = folder.assetcatalog; path = "Preview Assets.xcassets"; sourceTree = "<group>"; };
		2CDDDE202A1AFEFB00E04B04 /* AddItemForm.swift */ = {isa = PBXFileReference; lastKnownFileType = sourcecode.swift; path = AddItemForm.swift; sourceTree = "<group>"; };
/* End PBXFileReference section */

/* Begin PBXFrameworksBuildPhase section */
		2CC890052A18ABBB003A3C12 /* Frameworks */ = {
			isa = PBXFrameworksBuildPhase;
			buildActionMask = 2147483647;
			files = (
				2C35F08D2A1B058100B752DD /* MCEmojiPicker in Frameworks */,
			);
			runOnlyForDeploymentPostprocessing = 0;
		};
/* End PBXFrameworksBuildPhase section */

/* Begin PBXGroup section */
		2C1E51AA2A18ACBF0063F950 /* Application */ = {
			isa = PBXGroup;
			children = (
				2CC8900B2A18ABBB003A3C12 /* FinditApp.swift */,
			);
			path = Application;
			sourceTree = "<group>";
		};
		2C1E51AB2A18ACC90063F950 /* Core */ = {
			isa = PBXGroup;
			children = (
				2C1E51B62A18AFDE0063F950 /* Constant */,
			);
			path = Core;
			sourceTree = "<group>";
		};
		2C1E51AC2A18ACD10063F950 /* Features */ = {
			isa = PBXGroup;
			children = (
				2C1E51AE2A18AD1A0063F950 /* Models */,
				2C1E51AF2A18AD290063F950 /* ViewModels */,
				2C1E51AD2A18AD0F0063F950 /* Presenters */,
			);
			path = Features;
			sourceTree = "<group>";
		};
		2C1E51AD2A18AD0F0063F950 /* Presenters */ = {
			isa = PBXGroup;
			children = (
				2C1E51B02A18AD400063F950 /* Views */,
				2C1E51B12A18AD450063F950 /* Components */,
			);
			path = Presenters;
			sourceTree = "<group>";
		};
		2C1E51AE2A18AD1A0063F950 /* Models */ = {
			isa = PBXGroup;
			children = (
				2C35F0962A1C674900B752DD /* FinditDataModel.xcdatamodeld */,
			);
			path = Models;
			sourceTree = "<group>";
		};
		2C1E51AF2A18AD290063F950 /* ViewModels */ = {
			isa = PBXGroup;
			children = (
				2C47C5B32A19F53F00515F73 /* BeaconDetector.swift */,
				2C35F0992A1C688300B752DD /* FinditController.swift */,
			);
			path = ViewModels;
			sourceTree = "<group>";
		};
		2C1E51B02A18AD400063F950 /* Views */ = {
			isa = PBXGroup;
			children = (
				2CC8900D2A18ABBB003A3C12 /* ContentView.swift */,
				2C1E51BB2A18B3CB0063F950 /* HomeView.swift */,
				2C40246F2A18E611005153B1 /* DetectionView.swift */,
			);
			path = Views;
			sourceTree = "<group>";
		};
		2C1E51B12A18AD450063F950 /* Components */ = {
			isa = PBXGroup;
			children = (
				2C1E51B42A18AE860063F950 /* ItemCard.swift */,
				2C1E51B92A18B2770063F950 /* AddCard.swift */,
				2C40246D2A18D462005153B1 /* InputField.swift */,
				2CDDDE202A1AFEFB00E04B04 /* AddItemForm.swift */,
				2C35F08E2A1B079700B752DD /* UIEmojiTextField.swift */,
				2C35F0902A1B07CC00B752DD /* EmojiTextField.swift */,
				2C35F0922A1B125300B752DD /* EmojiPicker.swift */,
				2C35F0942A1C5C2500B752DD /* RadarDetector.swift */,
			);
			path = Components;
			sourceTree = "<group>";
		};
		2C1E51B62A18AFDE0063F950 /* Constant */ = {
			isa = PBXGroup;
			children = (
				2C1E51B72A18AFF00063F950 /* Theme.swift */,
			);
			path = Constant;
			sourceTree = "<group>";
		};
		2CC88FFF2A18ABBB003A3C12 = {
			isa = PBXGroup;
			children = (
				2CC8900A2A18ABBB003A3C12 /* Findit */,
				2CC890092A18ABBB003A3C12 /* Products */,
			);
			sourceTree = "<group>";
		};
		2CC890092A18ABBB003A3C12 /* Products */ = {
			isa = PBXGroup;
			children = (
				2CC890082A18ABBB003A3C12 /* Findit.app */,
			);
			name = Products;
			sourceTree = "<group>";
		};
		2CC8900A2A18ABBB003A3C12 /* Findit */ = {
			isa = PBXGroup;
			children = (
				2C1E51AA2A18ACBF0063F950 /* Application */,
				2C1E51AB2A18ACC90063F950 /* Core */,
				2C1E51AC2A18ACD10063F950 /* Features */,
				2CC8900F2A18ABBC003A3C12 /* Assets.xcassets */,
				2CC890112A18ABBC003A3C12 /* Preview Content */,
			);
			path = Findit;
			sourceTree = "<group>";
		};
		2CC890112A18ABBC003A3C12 /* Preview Content */ = {
			isa = PBXGroup;
			children = (
				2CC890122A18ABBC003A3C12 /* Preview Assets.xcassets */,
			);
			path = "Preview Content";
			sourceTree = "<group>";
		};
/* End PBXGroup section */

/* Begin PBXNativeTarget section */
		2CC890072A18ABBB003A3C12 /* Findit */ = {
			isa = PBXNativeTarget;
			buildConfigurationList = 2CC890162A18ABBC003A3C12 /* Build configuration list for PBXNativeTarget "Findit" */;
			buildPhases = (
				2CC890042A18ABBB003A3C12 /* Sources */,
				2CC890052A18ABBB003A3C12 /* Frameworks */,
				2CC890062A18ABBB003A3C12 /* Resources */,
			);
			buildRules = (
			);
			dependencies = (
			);
			name = Findit;
			packageProductDependencies = (
				2C35F08C2A1B058100B752DD /* MCEmojiPicker */,
			);
			productName = Findit;
			productReference = 2CC890082A18ABBB003A3C12 /* Findit.app */;
			productType = "com.apple.product-type.application";
		};
/* End PBXNativeTarget section */

/* Begin PBXProject section */
		2CC890002A18ABBB003A3C12 /* Project object */ = {
			isa = PBXProject;
			attributes = {
				BuildIndependentTargetsInParallel = 1;
				LastSwiftUpdateCheck = 1430;
				LastUpgradeCheck = 1430;
				TargetAttributes = {
					2CC890072A18ABBB003A3C12 = {
						CreatedOnToolsVersion = 14.3;
					};
				};
			};
			buildConfigurationList = 2CC890032A18ABBB003A3C12 /* Build configuration list for PBXProject "Findit" */;
			compatibilityVersion = "Xcode 14.0";
			developmentRegion = en;
			hasScannedForEncodings = 0;
			knownRegions = (
				en,
				Base,
			);
			mainGroup = 2CC88FFF2A18ABBB003A3C12;
			packageReferences = (
				2C35F08B2A1B058100B752DD /* XCRemoteSwiftPackageReference "MCEmojiPicker" */,
			);
			productRefGroup = 2CC890092A18ABBB003A3C12 /* Products */;
			projectDirPath = "";
			projectRoot = "";
			targets = (
				2CC890072A18ABBB003A3C12 /* Findit */,
			);
		};
/* End PBXProject section */

/* Begin PBXResourcesBuildPhase section */
		2CC890062A18ABBB003A3C12 /* Resources */ = {
			isa = PBXResourcesBuildPhase;
			buildActionMask = 2147483647;
			files = (
				2CC890132A18ABBC003A3C12 /* Preview Assets.xcassets in Resources */,
				2CC890102A18ABBC003A3C12 /* Assets.xcassets in Resources */,
			);
			runOnlyForDeploymentPostprocessing = 0;
		};
/* End PBXResourcesBuildPhase section */

/* Begin PBXSourcesBuildPhase section */
		2CC890042A18ABBB003A3C12 /* Sources */ = {
			isa = PBXSourcesBuildPhase;
			buildActionMask = 2147483647;
			files = (
				2CC8900E2A18ABBB003A3C12 /* ContentView.swift in Sources */,
				2C35F0912A1B07CC00B752DD /* EmojiTextField.swift in Sources */,
				2C1E51BC2A18B3CB0063F950 /* HomeView.swift in Sources */,
				2C35F09A2A1C688300B752DD /* FinditController.swift in Sources */,
				2C35F0982A1C674900B752DD /* FinditDataModel.xcdatamodeld in Sources */,
				2CDDDE212A1AFEFB00E04B04 /* AddItemForm.swift in Sources */,
				2C4024702A18E611005153B1 /* DetectionView.swift in Sources */,
				2C35F0952A1C5C2500B752DD /* RadarDetector.swift in Sources */,
				2C35F08F2A1B079700B752DD /* UIEmojiTextField.swift in Sources */,
				2C35F0932A1B125300B752DD /* EmojiPicker.swift in Sources */,
				2C1E51BA2A18B2770063F950 /* AddCard.swift in Sources */,
				2C47C5B42A19F53F00515F73 /* BeaconDetector.swift in Sources */,
				2C1E51B52A18AE860063F950 /* ItemCard.swift in Sources */,
				2CC8900C2A18ABBB003A3C12 /* FinditApp.swift in Sources */,
				2C1E51B82A18AFF00063F950 /* Theme.swift in Sources */,
				2C40246E2A18D462005153B1 /* InputField.swift in Sources */,
			);
			runOnlyForDeploymentPostprocessing = 0;
		};
/* End PBXSourcesBuildPhase section */

/* Begin XCBuildConfiguration section */
		2CC890142A18ABBC003A3C12 /* Debug */ = {
			isa = XCBuildConfiguration;
			buildSettings = {
				ALWAYS_SEARCH_USER_PATHS = NO;
				CLANG_ANALYZER_NONNULL = YES;
				CLANG_ANALYZER_NUMBER_OBJECT_CONVERSION = YES_AGGRESSIVE;
				CLANG_CXX_LANGUAGE_STANDARD = "gnu++20";
				CLANG_ENABLE_MODULES = YES;
				CLANG_ENABLE_OBJC_ARC = YES;
				CLANG_ENABLE_OBJC_WEAK = YES;
				CLANG_WARN_BLOCK_CAPTURE_AUTORELEASING = YES;
				CLANG_WARN_BOOL_CONVERSION = YES;
				CLANG_WARN_COMMA = YES;
				CLANG_WARN_CONSTANT_CONVERSION = YES;
				CLANG_WARN_DEPRECATED_OBJC_IMPLEMENTATIONS = YES;
				CLANG_WARN_DIRECT_OBJC_ISA_USAGE = YES_ERROR;
				CLANG_WARN_DOCUMENTATION_COMMENTS = YES;
				CLANG_WARN_EMPTY_BODY = YES;
				CLANG_WARN_ENUM_CONVERSION = YES;
				CLANG_WARN_INFINITE_RECURSION = YES;
				CLANG_WARN_INT_CONVERSION = YES;
				CLANG_WARN_NON_LITERAL_NULL_CONVERSION = YES;
				CLANG_WARN_OBJC_IMPLICIT_RETAIN_SELF = YES;
				CLANG_WARN_OBJC_LITERAL_CONVERSION = YES;
				CLANG_WARN_OBJC_ROOT_CLASS = YES_ERROR;
				CLANG_WARN_QUOTED_INCLUDE_IN_FRAMEWORK_HEADER = YES;
				CLANG_WARN_RANGE_LOOP_ANALYSIS = YES;
				CLANG_WARN_STRICT_PROTOTYPES = YES;
				CLANG_WARN_SUSPICIOUS_MOVE = YES;
				CLANG_WARN_UNGUARDED_AVAILABILITY = YES_AGGRESSIVE;
				CLANG_WARN_UNREACHABLE_CODE = YES;
				CLANG_WARN__DUPLICATE_METHOD_MATCH = YES;
				COPY_PHASE_STRIP = NO;
				DEBUG_INFORMATION_FORMAT = dwarf;
				ENABLE_STRICT_OBJC_MSGSEND = YES;
				ENABLE_TESTABILITY = YES;
				GCC_C_LANGUAGE_STANDARD = gnu11;
				GCC_DYNAMIC_NO_PIC = NO;
				GCC_NO_COMMON_BLOCKS = YES;
				GCC_OPTIMIZATION_LEVEL = 0;
				GCC_PREPROCESSOR_DEFINITIONS = (
					"DEBUG=1",
					"$(inherited)",
				);
				GCC_WARN_64_TO_32_BIT_CONVERSION = YES;
				GCC_WARN_ABOUT_RETURN_TYPE = YES_ERROR;
				GCC_WARN_UNDECLARED_SELECTOR = YES;
				GCC_WARN_UNINITIALIZED_AUTOS = YES_AGGRESSIVE;
				GCC_WARN_UNUSED_FUNCTION = YES;
				GCC_WARN_UNUSED_VARIABLE = YES;
				IPHONEOS_DEPLOYMENT_TARGET = 16.4;
				MTL_ENABLE_DEBUG_INFO = INCLUDE_SOURCE;
				MTL_FAST_MATH = YES;
				ONLY_ACTIVE_ARCH = YES;
				SDKROOT = iphoneos;
				SWIFT_ACTIVE_COMPILATION_CONDITIONS = DEBUG;
				SWIFT_OPTIMIZATION_LEVEL = "-Onone";
			};
			name = Debug;
		};
		2CC890152A18ABBC003A3C12 /* Release */ = {
			isa = XCBuildConfiguration;
			buildSettings = {
				ALWAYS_SEARCH_USER_PATHS = NO;
				CLANG_ANALYZER_NONNULL = YES;
				CLANG_ANALYZER_NUMBER_OBJECT_CONVERSION = YES_AGGRESSIVE;
				CLANG_CXX_LANGUAGE_STANDARD = "gnu++20";
				CLANG_ENABLE_MODULES = YES;
				CLANG_ENABLE_OBJC_ARC = YES;
				CLANG_ENABLE_OBJC_WEAK = YES;
				CLANG_WARN_BLOCK_CAPTURE_AUTORELEASING = YES;
				CLANG_WARN_BOOL_CONVERSION = YES;
				CLANG_WARN_COMMA = YES;
				CLANG_WARN_CONSTANT_CONVERSION = YES;
				CLANG_WARN_DEPRECATED_OBJC_IMPLEMENTATIONS = YES;
				CLANG_WARN_DIRECT_OBJC_ISA_USAGE = YES_ERROR;
				CLANG_WARN_DOCUMENTATION_COMMENTS = YES;
				CLANG_WARN_EMPTY_BODY = YES;
				CLANG_WARN_ENUM_CONVERSION = YES;
				CLANG_WARN_INFINITE_RECURSION = YES;
				CLANG_WARN_INT_CONVERSION = YES;
				CLANG_WARN_NON_LITERAL_NULL_CONVERSION = YES;
				CLANG_WARN_OBJC_IMPLICIT_RETAIN_SELF = YES;
				CLANG_WARN_OBJC_LITERAL_CONVERSION = YES;
				CLANG_WARN_OBJC_ROOT_CLASS = YES_ERROR;
				CLANG_WARN_QUOTED_INCLUDE_IN_FRAMEWORK_HEADER = YES;
				CLANG_WARN_RANGE_LOOP_ANALYSIS = YES;
				CLANG_WARN_STRICT_PROTOTYPES = YES;
				CLANG_WARN_SUSPICIOUS_MOVE = YES;
				CLANG_WARN_UNGUARDED_AVAILABILITY = YES_AGGRESSIVE;
				CLANG_WARN_UNREACHABLE_CODE = YES;
				CLANG_WARN__DUPLICATE_METHOD_MATCH = YES;
				COPY_PHASE_STRIP = NO;
				DEBUG_INFORMATION_FORMAT = "dwarf-with-dsym";
				ENABLE_NS_ASSERTIONS = NO;
				ENABLE_STRICT_OBJC_MSGSEND = YES;
				GCC_C_LANGUAGE_STANDARD = gnu11;
				GCC_NO_COMMON_BLOCKS = YES;
				GCC_WARN_64_TO_32_BIT_CONVERSION = YES;
				GCC_WARN_ABOUT_RETURN_TYPE = YES_ERROR;
				GCC_WARN_UNDECLARED_SELECTOR = YES;
				GCC_WARN_UNINITIALIZED_AUTOS = YES_AGGRESSIVE;
				GCC_WARN_UNUSED_FUNCTION = YES;
				GCC_WARN_UNUSED_VARIABLE = YES;
				IPHONEOS_DEPLOYMENT_TARGET = 16.4;
				MTL_ENABLE_DEBUG_INFO = NO;
				MTL_FAST_MATH = YES;
				SDKROOT = iphoneos;
				SWIFT_COMPILATION_MODE = wholemodule;
				SWIFT_OPTIMIZATION_LEVEL = "-O";
				VALIDATE_PRODUCT = YES;
			};
			name = Release;
		};
		2CC890172A18ABBC003A3C12 /* Debug */ = {
			isa = XCBuildConfiguration;
			buildSettings = {
				ASSETCATALOG_COMPILER_APPICON_NAME = AppIcon;
				ASSETCATALOG_COMPILER_GLOBAL_ACCENT_COLOR_NAME = AccentColor;
				CODE_SIGN_STYLE = Automatic;
				CURRENT_PROJECT_VERSION = 1;
				DEVELOPMENT_ASSET_PATHS = "\"Findit/Preview Content\"";
				DEVELOPMENT_TEAM = 63Z24W5HZV;
				ENABLE_PREVIEWS = YES;
				GENERATE_INFOPLIST_FILE = YES;
				INFOPLIST_KEY_NSLocationWhenInUseUsageDescription = "We want to scan beacon";
				INFOPLIST_KEY_UIApplicationSceneManifest_Generation = YES;
				INFOPLIST_KEY_UIApplicationSupportsIndirectInputEvents = YES;
				INFOPLIST_KEY_UILaunchScreen_Generation = YES;
				INFOPLIST_KEY_UISupportedInterfaceOrientations_iPad = "UIInterfaceOrientationPortrait UIInterfaceOrientationPortraitUpsideDown UIInterfaceOrientationLandscapeLeft UIInterfaceOrientationLandscapeRight";
				INFOPLIST_KEY_UISupportedInterfaceOrientations_iPhone = "UIInterfaceOrientationPortrait UIInterfaceOrientationLandscapeLeft UIInterfaceOrientationLandscapeRight";
				LD_RUNPATH_SEARCH_PATHS = (
					"$(inherited)",
					"@executable_path/Frameworks",
				);
				MARKETING_VERSION = 1.0;
				PRODUCT_BUNDLE_IDENTIFIER = "apple-developer-academy.Findit";
				PRODUCT_NAME = "$(TARGET_NAME)";
				SWIFT_EMIT_LOC_STRINGS = YES;
				SWIFT_VERSION = 5.0;
				TARGETED_DEVICE_FAMILY = "1,2";
			};
			name = Debug;
		};
		2CC890182A18ABBC003A3C12 /* Release */ = {
			isa = XCBuildConfiguration;
			buildSettings = {
				ASSETCATALOG_COMPILER_APPICON_NAME = AppIcon;
				ASSETCATALOG_COMPILER_GLOBAL_ACCENT_COLOR_NAME = AccentColor;
				CODE_SIGN_STYLE = Automatic;
				CURRENT_PROJECT_VERSION = 1;
				DEVELOPMENT_ASSET_PATHS = "\"Findit/Preview Content\"";
				DEVELOPMENT_TEAM = 63Z24W5HZV;
				ENABLE_PREVIEWS = YES;
				GENERATE_INFOPLIST_FILE = YES;
				INFOPLIST_KEY_NSLocationWhenInUseUsageDescription = "We want to scan beacon";
				INFOPLIST_KEY_UIApplicationSceneManifest_Generation = YES;
				INFOPLIST_KEY_UIApplicationSupportsIndirectInputEvents = YES;
				INFOPLIST_KEY_UILaunchScreen_Generation = YES;
				INFOPLIST_KEY_UISupportedInterfaceOrientations_iPad = "UIInterfaceOrientationPortrait UIInterfaceOrientationPortraitUpsideDown UIInterfaceOrientationLandscapeLeft UIInterfaceOrientationLandscapeRight";
				INFOPLIST_KEY_UISupportedInterfaceOrientations_iPhone = "UIInterfaceOrientationPortrait UIInterfaceOrientationLandscapeLeft UIInterfaceOrientationLandscapeRight";
				LD_RUNPATH_SEARCH_PATHS = (
					"$(inherited)",
					"@executable_path/Frameworks",
				);
				MARKETING_VERSION = 1.0;
				PRODUCT_BUNDLE_IDENTIFIER = "apple-developer-academy.Findit";
				PRODUCT_NAME = "$(TARGET_NAME)";
				SWIFT_EMIT_LOC_STRINGS = YES;
				SWIFT_VERSION = 5.0;
				TARGETED_DEVICE_FAMILY = "1,2";
			};
			name = Release;
		};
/* End XCBuildConfiguration section */

/* Begin XCConfigurationList section */
		2CC890032A18ABBB003A3C12 /* Build configuration list for PBXProject "Findit" */ = {
			isa = XCConfigurationList;
			buildConfigurations = (
				2CC890142A18ABBC003A3C12 /* Debug */,
				2CC890152A18ABBC003A3C12 /* Release */,
			);
			defaultConfigurationIsVisible = 0;
			defaultConfigurationName = Release;
		};
		2CC890162A18ABBC003A3C12 /* Build configuration list for PBXNativeTarget "Findit" */ = {
			isa = XCConfigurationList;
			buildConfigurations = (
				2CC890172A18ABBC003A3C12 /* Debug */,
				2CC890182A18ABBC003A3C12 /* Release */,
			);
			defaultConfigurationIsVisible = 0;
			defaultConfigurationName = Release;
		};
/* End XCConfigurationList section */

/* Begin XCRemoteSwiftPackageReference section */
		2C35F08B2A1B058100B752DD /* XCRemoteSwiftPackageReference "MCEmojiPicker" */ = {
			isa = XCRemoteSwiftPackageReference;
			repositoryURL = "https://github.com/izyumkin/MCEmojiPicker";
			requirement = {
				kind = upToNextMajorVersion;
				minimumVersion = 1.0.0;
			};
		};
/* End XCRemoteSwiftPackageReference section */

/* Begin XCSwiftPackageProductDependency section */
		2C35F08C2A1B058100B752DD /* MCEmojiPicker */ = {
			isa = XCSwiftPackageProductDependency;
			package = 2C35F08B2A1B058100B752DD /* XCRemoteSwiftPackageReference "MCEmojiPicker" */;
			productName = MCEmojiPicker;
		};
/* End XCSwiftPackageProductDependency section */

/* Begin XCVersionGroup section */
		2C35F0962A1C674900B752DD /* FinditDataModel.xcdatamodeld */ = {
			isa = XCVersionGroup;
			children = (
				2C35F0972A1C674900B752DD /* FinditDataModel.xcdatamodel */,
			);
			currentVersion = 2C35F0972A1C674900B752DD /* FinditDataModel.xcdatamodel */;
			path = FinditDataModel.xcdatamodeld;
			sourceTree = "<group>";
			versionGroupType = wrapper.xcdatamodel;
		};
/* End XCVersionGroup section */
	};
	rootObject = 2CC890002A18ABBB003A3C12 /* Project object */;
}
